
Microsoft Visual Studio Solution File, Format Version 11.00
# Visual Basic Express 2010
Project("{F184B08F-C81C-45F6-A57F-5ABD9991F28F}") = "Allenton water Department", "Allenton water Department\Allenton water Department.vbproj", "{661E43B3-A62F-4EF3-A56F-4DDF74E562DA}"
EndProject
Global
	GlobalSection(SolutionConfigurationPlatforms) = preSolution
		Debug|x86 = Debug|x86
		Release|x86 = Release|x86
	EndGlobalSection
	GlobalSection(ProjectConfigurationPlatforms) = postSolution
		{661E43B3-A62F-4EF3-A56F-4DDF74E562DA}.Debug|x86.ActiveCfg = Debug|x86
		{661E43B3-A62F-4EF3-A56F-4DDF74E562DA}.Debug|x86.Build.0 = Debug|x86
		{661E43B3-A62F-4EF3-A56F-4DDF74E562DA}.Release|x86.ActiveCfg = Release|x86
		{661E43B3-A62F-4EF3-A56F-4DDF74E562DA}.Release|x86.Build.0 = Release|x86
	EndGlobalSection
	GlobalSection(SolutionProperties) = preSolution
		HideSolutionNode = FALSE
	EndGlobalSection
EndGlobal
